
Microsoft Visual Studio Solution File, Format Version 12.00
# Visual Studio Version 16
VisualStudioVersion = 16.0.29424.173
MinimumVisualStudioVersion = 10.0.40219.1
Project("{FAE04EC0-301F-11D3-BF4B-00C04F79EFBC}") = "PLANTSVSZOMBIES", "PLANTSVSZOMBIES\PLANTSVSZOMBIES.csproj", "{658D1433-B919-4D49-A058-A7EE959E3A32}"
EndProject
Global
	GlobalSection(SolutionConfigurationPlatforms) = preSolution
		Debug|Any CPU = Debug|Any CPU
		Release|Any CPU = Release|Any CPU
	EndGlobalSection
	GlobalSection(ProjectConfigurationPlatforms) = postSolution
		{658D1433-B919-4D49-A058-A7EE959E3A32}.Debug|Any CPU.ActiveCfg = Debug|Any CPU
		{658D1433-B919-4D49-A058-A7EE959E3A32}.Debug|Any CPU.Build.0 = Debug|Any CPU
		{658D1433-B919-4D49-A058-A7EE959E3A32}.Release|Any CPU.ActiveCfg = Release|Any CPU
		{658D1433-B919-4D49-A058-A7EE959E3A32}.Release|Any CPU.Build.0 = Release|Any CPU
	EndGlobalSection
	GlobalSection(SolutionProperties) = preSolution
		HideSolutionNode = FALSE
	EndGlobalSection
	GlobalSection(ExtensibilityGlobals) = postSolution
		SolutionGuid = {2CF1E219-C764-4594-A6F1-A2C6415A8B40}
	EndGlobalSection
EndGlobal
